
Microsoft Visual Studio Solution File, Format Version 12.00
# Visual Studio Version 17
VisualStudioVersion = 17.14.36121.58 d17.14
MinimumVisualStudioVersion = 10.0.40219.1
Project("{FAE04EC0-301F-11D3-BF4B-00C04F79EFBC}") = "GameOffJam", "GameOffJam.csproj", "{78A37CA2-00CC-496F-8288-1CC471C5397A}"
EndProject
Project("{FAE04EC0-301F-11D3-BF4B-00C04F79EFBC}") = "Foster.Framework", "..\Foster\Framework\Foster.Framework.csproj", "{C6B2F84A-FFC4-B2C8-AD28-40C06783C075}"
EndProject
Global
	GlobalSection(SolutionConfigurationPlatforms) = preSolution
		Debug|Any CPU = Debug|Any CPU
		Release|Any CPU = Release|Any CPU
	EndGlobalSection
	GlobalSection(ProjectConfigurationPlatforms) = postSolution
		{78A37CA2-00CC-496F-8288-1CC471C5397A}.Debug|Any CPU.ActiveCfg = Debug|Any CPU
		{78A37CA2-00CC-496F-8288-1CC471C5397A}.Debug|Any CPU.Build.0 = Debug|Any CPU
		{78A37CA2-00CC-496F-8288-1CC471C5397A}.Release|Any CPU.ActiveCfg = Release|Any CPU
		{78A37CA2-00CC-496F-8288-1CC471C5397A}.Release|Any CPU.Build.0 = Release|Any CPU
		{C6B2F84A-FFC4-B2C8-AD28-40C06783C075}.Debug|Any CPU.ActiveCfg = Debug|Any CPU
		{C6B2F84A-FFC4-B2C8-AD28-40C06783C075}.Debug|Any CPU.Build.0 = Debug|Any CPU
		{C6B2F84A-FFC4-B2C8-AD28-40C06783C075}.Release|Any CPU.ActiveCfg = Release|Any CPU
		{C6B2F84A-FFC4-B2C8-AD28-40C06783C075}.Release|Any CPU.Build.0 = Release|Any CPU
	EndGlobalSection
	GlobalSection(SolutionProperties) = preSolution
		HideSolutionNode = FALSE
	EndGlobalSection
EndGlobal
